
Microsoft Visual Studio Solution File, Format Version 12.00
# Visual Studio Version 17
VisualStudioVersion = 17.2.32526.322
MinimumVisualStudioVersion = 10.0.40219.1
Project("{2150E333-8FDC-42A3-9474-1A3956D46DE8}") = "Vue.Core", "Vue.Core", "{553B1B54-D1D8-4354-A09B-CC51DF7182B4}"
EndProject
Project("{2150E333-8FDC-42A3-9474-1A3956D46DE8}") = "Vue.DiscordBot", "Vue.DiscordBot", "{A0F29315-6B27-4C8D-B944-0DFC4378C4DC}"
EndProject
Project("{2150E333-8FDC-42A3-9474-1A3956D46DE8}") = "Vue.Web", "Vue.Web", "{CBB816C2-7E3A-4317-917B-2016E2327484}"
	ProjectSection(SolutionItems) = preProject
		Web\temp.txt = Web\temp.txt
	EndProjectSection
EndProject
Project("{9A19103F-16F7-4668-BE54-9A1E7A4F7556}") = "Application", "Core\Application\Application.csproj", "{41EAD84A-FC48-4597-8B0F-F328CDB45DAF}"
EndProject
Project("{9A19103F-16F7-4668-BE54-9A1E7A4F7556}") = "Domain", "Core\Domain\Domain.csproj", "{6091909E-4186-4088-BE7A-45DF5654C5D0}"
EndProject
Project("{9A19103F-16F7-4668-BE54-9A1E7A4F7556}") = "CLI", "DiscordBot\CLI\CLI.csproj", "{2413BCCB-15FB-434E-A63B-D9634534D0A8}"
EndProject
Project("{2150E333-8FDC-42A3-9474-1A3956D46DE8}") = "Vue.Infrastructure", "Vue.Infrastructure", "{7ED6BCA1-78BD-41C5-B2F3-9F8083F72B0E}"
EndProject
Project("{9A19103F-16F7-4668-BE54-9A1E7A4F7556}") = "VueService", "Infrastructure\VueService\VueService.csproj", "{E41CC6B5-8B62-430D-98C2-DA069509788A}"
EndProject
Project("{9A19103F-16F7-4668-BE54-9A1E7A4F7556}") = "Persistence", "Infrastructure\Persistence\Persistence.csproj", "{BEC583C8-6556-43BD-9BAB-38D74D404775}"
EndProject
Project("{2150E333-8FDC-42A3-9474-1A3956D46DE8}") = "docs", "docs", "{940200D6-F9B9-43CA-8D57-59DF8AAD6F17}"
	ProjectSection(SolutionItems) = preProject
		..\docs\IDEAS.md = ..\docs\IDEAS.md
		..\docs\reserve-seat-request-flow.md = ..\docs\reserve-seat-request-flow.md
	EndProjectSection
EndProject
Project("{2150E333-8FDC-42A3-9474-1A3956D46DE8}") = "Vue.Mapping", "Vue.Mapping", "{8A1C1BE2-72B2-4135-8E35-B3AE7B02ADFC}"
EndProject
Project("{9A19103F-16F7-4668-BE54-9A1E7A4F7556}") = "Mapping", "Mapping\Mapping\Mapping.csproj", "{40A4DDA5-BF4E-4E4B-92DC-325E374F16E6}"
EndProject
Project("{2150E333-8FDC-42A3-9474-1A3956D46DE8}") = "Solution Items", "Solution Items", "{CDFA33ED-2D6A-4038-B866-1494AEDE163E}"
	ProjectSection(SolutionItems) = preProject
		.editorconfig = .editorconfig
	EndProjectSection
EndProject
Project("{2150E333-8FDC-42A3-9474-1A3956D46DE8}") = ".github", ".github", "{79841782-D5F2-44A4-AB65-73554E4E9A39}"
EndProject
Project("{2150E333-8FDC-42A3-9474-1A3956D46DE8}") = "workflows", "workflows", "{746C8886-7631-4C5C-98BC-01CE599A6E51}"
	ProjectSection(SolutionItems) = preProject
		..\.github\workflows\discordbot.yaml = ..\.github\workflows\discordbot.yaml
	EndProjectSection
EndProject
Project("{FAE04EC0-301F-11D3-BF4B-00C04F79EFBC}") = "Tests", "DiscordBot\Tests\Tests.csproj", "{B9C049AD-F4F8-4BDC-BE6D-DC336D2654EA}"
EndProject
Project("{2150E333-8FDC-42A3-9474-1A3956D46DE8}") = "dockerfiles", "dockerfiles", "{1A723656-372D-4B8C-895C-765B848666EF}"
	ProjectSection(SolutionItems) = preProject
		vue-discord-bot.Dockerfile = vue-discord-bot.Dockerfile
	EndProjectSection
EndProject
Global
	GlobalSection(SolutionConfigurationPlatforms) = preSolution
		Debug|Any CPU = Debug|Any CPU
		Release|Any CPU = Release|Any CPU
	EndGlobalSection
	GlobalSection(ProjectConfigurationPlatforms) = postSolution
		{41EAD84A-FC48-4597-8B0F-F328CDB45DAF}.Debug|Any CPU.ActiveCfg = Debug|Any CPU
		{41EAD84A-FC48-4597-8B0F-F328CDB45DAF}.Debug|Any CPU.Build.0 = Debug|Any CPU
		{41EAD84A-FC48-4597-8B0F-F328CDB45DAF}.Release|Any CPU.ActiveCfg = Release|Any CPU
		{41EAD84A-FC48-4597-8B0F-F328CDB45DAF}.Release|Any CPU.Build.0 = Release|Any CPU
		{6091909E-4186-4088-BE7A-45DF5654C5D0}.Debug|Any CPU.ActiveCfg = Debug|Any CPU
		{6091909E-4186-4088-BE7A-45DF5654C5D0}.Debug|Any CPU.Build.0 = Debug|Any CPU
		{6091909E-4186-4088-BE7A-45DF5654C5D0}.Release|Any CPU.ActiveCfg = Release|Any CPU
		{6091909E-4186-4088-BE7A-45DF5654C5D0}.Release|Any CPU.Build.0 = Release|Any CPU
		{2413BCCB-15FB-434E-A63B-D9634534D0A8}.Debug|Any CPU.ActiveCfg = Debug|Any CPU
		{2413BCCB-15FB-434E-A63B-D9634534D0A8}.Debug|Any CPU.Build.0 = Debug|Any CPU
		{2413BCCB-15FB-434E-A63B-D9634534D0A8}.Release|Any CPU.ActiveCfg = Release|Any CPU
		{2413BCCB-15FB-434E-A63B-D9634534D0A8}.Release|Any CPU.Build.0 = Release|Any CPU
		{E41CC6B5-8B62-430D-98C2-DA069509788A}.Debug|Any CPU.ActiveCfg = Debug|Any CPU
		{E41CC6B5-8B62-430D-98C2-DA069509788A}.Debug|Any CPU.Build.0 = Debug|Any CPU
		{E41CC6B5-8B62-430D-98C2-DA069509788A}.Release|Any CPU.ActiveCfg = Release|Any CPU
		{E41CC6B5-8B62-430D-98C2-DA069509788A}.Release|Any CPU.Build.0 = Release|Any CPU
		{BEC583C8-6556-43BD-9BAB-38D74D404775}.Debug|Any CPU.ActiveCfg = Debug|Any CPU
		{BEC583C8-6556-43BD-9BAB-38D74D404775}.Debug|Any CPU.Build.0 = Debug|Any CPU
		{BEC583C8-6556-43BD-9BAB-38D74D404775}.Release|Any CPU.ActiveCfg = Release|Any CPU
		{BEC583C8-6556-43BD-9BAB-38D74D404775}.Release|Any CPU.Build.0 = Release|Any CPU
		{40A4DDA5-BF4E-4E4B-92DC-325E374F16E6}.Debug|Any CPU.ActiveCfg = Debug|Any CPU
		{40A4DDA5-BF4E-4E4B-92DC-325E374F16E6}.Debug|Any CPU.Build.0 = Debug|Any CPU
		{40A4DDA5-BF4E-4E4B-92DC-325E374F16E6}.Release|Any CPU.ActiveCfg = Release|Any CPU
		{40A4DDA5-BF4E-4E4B-92DC-325E374F16E6}.Release|Any CPU.Build.0 = Release|Any CPU
		{B9C049AD-F4F8-4BDC-BE6D-DC336D2654EA}.Debug|Any CPU.ActiveCfg = Debug|Any CPU
		{B9C049AD-F4F8-4BDC-BE6D-DC336D2654EA}.Debug|Any CPU.Build.0 = Debug|Any CPU
		{B9C049AD-F4F8-4BDC-BE6D-DC336D2654EA}.Release|Any CPU.ActiveCfg = Release|Any CPU
		{B9C049AD-F4F8-4BDC-BE6D-DC336D2654EA}.Release|Any CPU.Build.0 = Release|Any CPU
	EndGlobalSection
	GlobalSection(SolutionProperties) = preSolution
		HideSolutionNode = FALSE
	EndGlobalSection
	GlobalSection(NestedProjects) = preSolution
		{41EAD84A-FC48-4597-8B0F-F328CDB45DAF} = {553B1B54-D1D8-4354-A09B-CC51DF7182B4}
		{6091909E-4186-4088-BE7A-45DF5654C5D0} = {553B1B54-D1D8-4354-A09B-CC51DF7182B4}
		{2413BCCB-15FB-434E-A63B-D9634534D0A8} = {A0F29315-6B27-4C8D-B944-0DFC4378C4DC}
		{E41CC6B5-8B62-430D-98C2-DA069509788A} = {7ED6BCA1-78BD-41C5-B2F3-9F8083F72B0E}
		{BEC583C8-6556-43BD-9BAB-38D74D404775} = {7ED6BCA1-78BD-41C5-B2F3-9F8083F72B0E}
		{40A4DDA5-BF4E-4E4B-92DC-325E374F16E6} = {8A1C1BE2-72B2-4135-8E35-B3AE7B02ADFC}
		{746C8886-7631-4C5C-98BC-01CE599A6E51} = {79841782-D5F2-44A4-AB65-73554E4E9A39}
		{B9C049AD-F4F8-4BDC-BE6D-DC336D2654EA} = {A0F29315-6B27-4C8D-B944-0DFC4378C4DC}
	EndGlobalSection
	GlobalSection(ExtensibilityGlobals) = postSolution
		SolutionGuid = {CAAE07F2-89A7-4EAB-A6BD-E248F77FA072}
	EndGlobalSection
EndGlobal
